
Microsoft Visual Studio Solution File, Format Version 12.00
# Visual Studio Version 16
VisualStudioVersion = 16.0.31624.102
MinimumVisualStudioVersion = 10.0.40219.1
Project("{9A19103F-16F7-4668-BE54-9A1E7A4F7556}") = "UserData", "UserData\UserData.csproj", "{9672BC4B-4C09-4160-BF50-60C7E4927E7C}"
EndProject
Project("{9A19103F-16F7-4668-BE54-9A1E7A4F7556}") = "UserAge", "UserAge\UserAge.csproj", "{BBBACEE5-6B5E-4382-A8CF-3258D344667D}"
EndProject
Project("{FAE04EC0-301F-11D3-BF4B-00C04F79EFBC}") = "InstagramAgeCheck", "InstagramAgeCheck\InstagramAgeCheck.csproj", "{CEB65E6D-051E-45BB-9259-DBCEAAD6DA06}"
EndProject
Project("{FAE04EC0-301F-11D3-BF4B-00C04F79EFBC}") = "DrivingLicense", "DrivingLicense\DrivingLicense.csproj", "{5DA143A7-2857-461D-9289-D05E476F54E4}"
EndProject
Global
	GlobalSection(SolutionConfigurationPlatforms) = preSolution
		Debug|Any CPU = Debug|Any CPU
		Release|Any CPU = Release|Any CPU
	EndGlobalSection
	GlobalSection(ProjectConfigurationPlatforms) = postSolution
		{9672BC4B-4C09-4160-BF50-60C7E4927E7C}.Debug|Any CPU.ActiveCfg = Debug|Any CPU
		{9672BC4B-4C09-4160-BF50-60C7E4927E7C}.Debug|Any CPU.Build.0 = Debug|Any CPU
		{9672BC4B-4C09-4160-BF50-60C7E4927E7C}.Release|Any CPU.ActiveCfg = Release|Any CPU
		{9672BC4B-4C09-4160-BF50-60C7E4927E7C}.Release|Any CPU.Build.0 = Release|Any CPU
		{BBBACEE5-6B5E-4382-A8CF-3258D344667D}.Debug|Any CPU.ActiveCfg = Debug|Any CPU
		{BBBACEE5-6B5E-4382-A8CF-3258D344667D}.Debug|Any CPU.Build.0 = Debug|Any CPU
		{BBBACEE5-6B5E-4382-A8CF-3258D344667D}.Release|Any CPU.ActiveCfg = Release|Any CPU
		{BBBACEE5-6B5E-4382-A8CF-3258D344667D}.Release|Any CPU.Build.0 = Release|Any CPU
		{CEB65E6D-051E-45BB-9259-DBCEAAD6DA06}.Debug|Any CPU.ActiveCfg = Debug|Any CPU
		{CEB65E6D-051E-45BB-9259-DBCEAAD6DA06}.Debug|Any CPU.Build.0 = Debug|Any CPU
		{CEB65E6D-051E-45BB-9259-DBCEAAD6DA06}.Release|Any CPU.ActiveCfg = Release|Any CPU
		{CEB65E6D-051E-45BB-9259-DBCEAAD6DA06}.Release|Any CPU.Build.0 = Release|Any CPU
		{5DA143A7-2857-461D-9289-D05E476F54E4}.Debug|Any CPU.ActiveCfg = Debug|Any CPU
		{5DA143A7-2857-461D-9289-D05E476F54E4}.Debug|Any CPU.Build.0 = Debug|Any CPU
		{5DA143A7-2857-461D-9289-D05E476F54E4}.Release|Any CPU.ActiveCfg = Release|Any CPU
		{5DA143A7-2857-461D-9289-D05E476F54E4}.Release|Any CPU.Build.0 = Release|Any CPU
	EndGlobalSection
	GlobalSection(SolutionProperties) = preSolution
		HideSolutionNode = FALSE
	EndGlobalSection
	GlobalSection(ExtensibilityGlobals) = postSolution
		SolutionGuid = {BE9960ED-8B7A-45F1-9678-B15902174A14}
	EndGlobalSection
EndGlobal
